
Microsoft Visual Studio Solution File, Format Version 12.00
# Visual Studio 15
VisualStudioVersion = 15.0.26730.16
MinimumVisualStudioVersion = 10.0.40219.1
Project("{FAE04EC0-301F-11D3-BF4B-00C04F79EFBC}") = "Harjoitukset", "Harjoitukset.csproj", "{CF53AFE5-0C8E-435B-8DBC-E42FFB89C324}"
EndProject
Global
	GlobalSection(SolutionConfigurationPlatforms) = preSolution
		Debug|Any CPU = Debug|Any CPU
		Release|Any CPU = Release|Any CPU
	EndGlobalSection
	GlobalSection(ProjectConfigurationPlatforms) = postSolution
		{CF53AFE5-0C8E-435B-8DBC-E42FFB89C324}.Debug|Any CPU.ActiveCfg = Debug|Any CPU
		{CF53AFE5-0C8E-435B-8DBC-E42FFB89C324}.Debug|Any CPU.Build.0 = Debug|Any CPU
		{CF53AFE5-0C8E-435B-8DBC-E42FFB89C324}.Release|Any CPU.ActiveCfg = Release|Any CPU
		{CF53AFE5-0C8E-435B-8DBC-E42FFB89C324}.Release|Any CPU.Build.0 = Release|Any CPU
	EndGlobalSection
	GlobalSection(SolutionProperties) = preSolution
		HideSolutionNode = FALSE
	EndGlobalSection
	GlobalSection(ExtensibilityGlobals) = postSolution
		SolutionGuid = {3DEAC781-2C35-49AD-807B-FE8D31EA6304}
	EndGlobalSection
EndGlobal
